// !$*UTF8*$!
{
	archiveVersion = 1;
	classes = {
	};
	objectVersion = 46;
	objects = {

/* Begin PBXBuildFile section */
		5339C9B71F384569007D4322 /* AppDelegate.swift in Sources */ = {isa = PBXBuildFile; fileRef = 5339C9B61F384569007D4322 /* AppDelegate.swift */; };
		5339C9B91F384569007D4322 /* ViewController.swift in Sources */ = {isa = PBXBuildFile; fileRef = 5339C9B81F384569007D4322 /* ViewController.swift */; };
		5339C9BC1F384569007D4322 /* Main.storyboard in Resources */ = {isa = PBXBuildFile; fileRef = 5339C9BA1F384569007D4322 /* Main.storyboard */; };
		5339C9BE1F384569007D4322 /* Assets.xcassets in Resources */ = {isa = PBXBuildFile; fileRef = 5339C9BD1F384569007D4322 /* Assets.xcassets */; };
		5339C9C11F384569007D4322 /* LaunchScreen.storyboard in Resources */ = {isa = PBXBuildFile; fileRef = 5339C9BF1F384569007D4322 /* LaunchScreen.storyboard */; };
		5339C9C91F384942007D4322 /* pokemon.csv in Resources */ = {isa = PBXBuildFile; fileRef = 5339C9C81F384942007D4322 /* pokemon.csv */; };
		5339C9CE1F38A7D2007D4322 /* Pokemon.swift in Sources */ = {isa = PBXBuildFile; fileRef = 5339C9CD1F38A7D2007D4322 /* Pokemon.swift */; };
		534875921F433568004D263C /* music.png in Resources */ = {isa = PBXBuildFile; fileRef = 534875911F433568004D263C /* music.png */; };
		534875941F433575004D263C /* music.mp3 in Resources */ = {isa = PBXBuildFile; fileRef = 534875931F433575004D263C /* music.mp3 */; };
		534875961F43416E004D263C /* PokemonDetailVC.swift in Sources */ = {isa = PBXBuildFile; fileRef = 534875951F43416E004D263C /* PokemonDetailVC.swift */; };
		534875981F45F7EE004D263C /* Constants.swift in Sources */ = {isa = PBXBuildFile; fileRef = 534875971F45F7EE004D263C /* Constants.swift */; };
		53B48B581F39EDF300E575C9 /* PokeCell.swift in Sources */ = {isa = PBXBuildFile; fileRef = 53B48B571F39EDF300E575C9 /* PokeCell.swift */; };
		53B48B5B1F3CCE3400E575C9 /* csv.swift in Sources */ = {isa = PBXBuildFile; fileRef = 53B48B5A1F3CCE3400E575C9 /* csv.swift */; };
		53B48B5E1F3CDA7900E575C9 /* pokemon.ttf in Resources */ = {isa = PBXBuildFile; fileRef = 53B48B5C1F3CDA7900E575C9 /* pokemon.ttf */; };
		53B48B5F1F3CDA7900E575C9 /* Pokemon Hollow.ttf in Resources */ = {isa = PBXBuildFile; fileRef = 53B48B5D1F3CDA7900E575C9 /* Pokemon Hollow.ttf */; };
		8CEE0AF45591A7656D676314 /* Pods_pokedex3.framework in Frameworks */ = {isa = PBXBuildFile; fileRef = D23D2ADC309B07271A94F997 /* Pods_pokedex3.framework */; };
/* End PBXBuildFile section */

/* Begin PBXFileReference section */
		02664F57F8AA3869EF03CD8B /* Pods-pokedex3.debug.xcconfig */ = {isa = PBXFileReference; includeInIndex = 1; lastKnownFileType = text.xcconfig; name = "Pods-pokedex3.debug.xcconfig"; path = "Pods/Target Support Files/Pods-pokedex3/Pods-pokedex3.debug.xcconfig"; sourceTree = "<group>"; };
		1ED1A6698D7210E2E632A53D /* Pods-pokedex3.release.xcconfig */ = {isa = PBXFileReference; includeInIndex = 1; lastKnownFileType = text.xcconfig; name = "Pods-pokedex3.release.xcconfig"; path = "Pods/Target Support Files/Pods-pokedex3/Pods-pokedex3.release.xcconfig"; sourceTree = "<group>"; };
		5339C9B31F384569007D4322 /* pokedex3.app */ = {isa = PBXFileReference; explicitFileType = wrapper.application; includeInIndex = 0; path = pokedex3.app; sourceTree = BUILT_PRODUCTS_DIR; };
		5339C9B61F384569007D4322 /* AppDelegate.swift */ = {isa = PBXFileReference; lastKnownFileType = sourcecode.swift; path = AppDelegate.swift; sourceTree = "<group>"; };
		5339C9B81F384569007D4322 /* ViewController.swift */ = {isa = PBXFileReference; lastKnownFileType = sourcecode.swift; path = ViewController.swift; sourceTree = "<group>"; };
		5339C9BB1F384569007D4322 /* Base */ = {isa = PBXFileReference; lastKnownFileType = file.storyboard; name = Base; path = Base.lproj/Main.storyboard; sourceTree = "<group>"; };
		5339C9BD1F384569007D4322 /* Assets.xcassets */ = {isa = PBXFileReference; lastKnownFileType = folder.assetcatalog; path = Assets.xcassets; sourceTree = "<group>"; };
		5339C9C01F384569007D4322 /* Base */ = {isa = PBXFileReference; lastKnownFileType = file.storyboard; name = Base; path = Base.lproj/LaunchScreen.storyboard; sourceTree = "<group>"; };
		5339C9C21F384569007D4322 /* Info.plist */ = {isa = PBXFileReference; lastKnownFileType = text.plist.xml; path = Info.plist; sourceTree = "<group>"; };
		5339C9C81F384942007D4322 /* pokemon.csv */ = {isa = PBXFileReference; fileEncoding = 4; lastKnownFileType = text; path = pokemon.csv; sourceTree = "<group>"; };
		5339C9CD1F38A7D2007D4322 /* Pokemon.swift */ = {isa = PBXFileReference; fileEncoding = 4; lastKnownFileType = sourcecode.swift; path = Pokemon.swift; sourceTree = "<group>"; };
		534875911F433568004D263C /* music.png */ = {isa = PBXFileReference; lastKnownFileType = image.png; path = music.png; sourceTree = "<group>"; };
		534875931F433575004D263C /* music.mp3 */ = {isa = PBXFileReference; lastKnownFileType = audio.mp3; path = music.mp3; sourceTree = "<group>"; };
		534875951F43416E004D263C /* PokemonDetailVC.swift */ = {isa = PBXFileReference; fileEncoding = 4; lastKnownFileType = sourcecode.swift; path = PokemonDetailVC.swift; sourceTree = "<group>"; };
		534875971F45F7EE004D263C /* Constants.swift */ = {isa = PBXFileReference; fileEncoding = 4; lastKnownFileType = sourcecode.swift; path = Constants.swift; sourceTree = "<group>"; };
		53B48B571F39EDF300E575C9 /* PokeCell.swift */ = {isa = PBXFileReference; fileEncoding = 4; lastKnownFileType = sourcecode.swift; path = PokeCell.swift; sourceTree = "<group>"; };
		53B48B5A1F3CCE3400E575C9 /* csv.swift */ = {isa = PBXFileReference; fileEncoding = 4; lastKnownFileType = sourcecode.swift; path = csv.swift; sourceTree = "<group>"; };
		53B48B5C1F3CDA7900E575C9 /* pokemon.ttf */ = {isa = PBXFileReference; lastKnownFileType = file; path = pokemon.ttf; sourceTree = "<group>"; };
		53B48B5D1F3CDA7900E575C9 /* Pokemon Hollow.ttf */ = {isa = PBXFileReference; lastKnownFileType = file; path = "Pokemon Hollow.ttf"; sourceTree = "<group>"; };
		D23D2ADC309B07271A94F997 /* Pods_pokedex3.framework */ = {isa = PBXFileReference; explicitFileType = wrapper.framework; includeInIndex = 0; path = Pods_pokedex3.framework; sourceTree = BUILT_PRODUCTS_DIR; };
/* End PBXFileReference section */

/* Begin PBXFrameworksBuildPhase section */
		5339C9B01F384569007D4322 /* Frameworks */ = {
			isa = PBXFrameworksBuildPhase;
			buildActionMask = 2147483647;
			files = (
				8CEE0AF45591A7656D676314 /* Pods_pokedex3.framework in Frameworks */,
			);
			runOnlyForDeploymentPostprocessing = 0;
		};
/* End PBXFrameworksBuildPhase section */

/* Begin PBXGroup section */
		44ABB9C6D4AEFDC6D7CE595F /* Frameworks */ = {
			isa = PBXGroup;
			children = (
				D23D2ADC309B07271A94F997 /* Pods_pokedex3.framework */,
			);
			name = Frameworks;
			sourceTree = "<group>";
		};
		5339C9AA1F384569007D4322 = {
			isa = PBXGroup;
			children = (
				5339C9B51F384569007D4322 /* pokedex3 */,
				5339C9B41F384569007D4322 /* Products */,
				DAA3229798E1607A3D48F97D /* Pods */,
				44ABB9C6D4AEFDC6D7CE595F /* Frameworks */,
			);
			sourceTree = "<group>";
		};
		5339C9B41F384569007D4322 /* Products */ = {
			isa = PBXGroup;
			children = (
				5339C9B31F384569007D4322 /* pokedex3.app */,
			);
			name = Products;
			sourceTree = "<group>";
		};
		5339C9B51F384569007D4322 /* pokedex3 */ = {
			isa = PBXGroup;
			children = (
				5339C9CA1F38A784007D4322 /* Model */,
				53B48B561F39EDCD00E575C9 /* View */,
				53B48B591F39F52A00E575C9 /* Controller */,
				5339C9B61F384569007D4322 /* AppDelegate.swift */,
				5339C9BA1F384569007D4322 /* Main.storyboard */,
				5339C9BD1F384569007D4322 /* Assets.xcassets */,
				53B48B601F3CDA7F00E575C9 /* Resources */,
				5339C9BF1F384569007D4322 /* LaunchScreen.storyboard */,
				5339C9C21F384569007D4322 /* Info.plist */,
			);
			path = pokedex3;
			sourceTree = "<group>";
		};
		5339C9CA1F38A784007D4322 /* Model */ = {
			isa = PBXGroup;
			children = (
				5339C9CD1F38A7D2007D4322 /* Pokemon.swift */,
			);
			name = Model;
			sourceTree = "<group>";
		};
		53B48B561F39EDCD00E575C9 /* View */ = {
			isa = PBXGroup;
			children = (
				53B48B571F39EDF300E575C9 /* PokeCell.swift */,
			);
			name = View;
			sourceTree = "<group>";
		};
		53B48B591F39F52A00E575C9 /* Controller */ = {
			isa = PBXGroup;
			children = (
				5339C9B81F384569007D4322 /* ViewController.swift */,
				534875951F43416E004D263C /* PokemonDetailVC.swift */,
			);
			name = Controller;
			sourceTree = "<group>";
		};
		53B48B601F3CDA7F00E575C9 /* Resources */ = {
			isa = PBXGroup;
			children = (
				5339C9C81F384942007D4322 /* pokemon.csv */,
				53B48B5C1F3CDA7900E575C9 /* pokemon.ttf */,
				53B48B5D1F3CDA7900E575C9 /* Pokemon Hollow.ttf */,
				534875911F433568004D263C /* music.png */,
				534875931F433575004D263C /* music.mp3 */,
				53B48B611F3CDB0E00E575C9 /* Utillities */,
			);
			name = Resources;
			sourceTree = "<group>";
		};
		53B48B611F3CDB0E00E575C9 /* Utillities */ = {
			isa = PBXGroup;
			children = (
				53B48B5A1F3CCE3400E575C9 /* csv.swift */,
				534875971F45F7EE004D263C /* Constants.swift */,
			);
			name = Utillities;
			sourceTree = "<group>";
		};
		DAA3229798E1607A3D48F97D /* Pods */ = {
			isa = PBXGroup;
			children = (
				02664F57F8AA3869EF03CD8B /* Pods-pokedex3.debug.xcconfig */,
				1ED1A6698D7210E2E632A53D /* Pods-pokedex3.release.xcconfig */,
			);
			name = Pods;
			sourceTree = "<group>";
		};
/* End PBXGroup section */

/* Begin PBXNativeTarget section */
		5339C9B21F384569007D4322 /* pokedex3 */ = {
			isa = PBXNativeTarget;
			buildConfigurationList = 5339C9C51F384569007D4322 /* Build configuration list for PBXNativeTarget "pokedex3" */;
			buildPhases = (
				5A7E1A9AA870A8018DAE467C /* [CP] Check Pods Manifest.lock */,
				5339C9AF1F384569007D4322 /* Sources */,
				5339C9B01F384569007D4322 /* Frameworks */,
				5339C9B11F384569007D4322 /* Resources */,
				8B64F6617E5A8F3BAB20284A /* [CP] Embed Pods Frameworks */,
				B558AF7BD48C8225A5D30A5B /* [CP] Copy Pods Resources */,
			);
			buildRules = (
			);
			dependencies = (
			);
			name = pokedex3;
			productName = pokedex3;
			productReference = 5339C9B31F384569007D4322 /* pokedex3.app */;
			productType = "com.apple.product-type.application";
		};
/* End PBXNativeTarget section */

/* Begin PBXProject section */
		5339C9AB1F384569007D4322 /* Project object */ = {
			isa = PBXProject;
			attributes = {
				LastSwiftUpdateCheck = 0830;
				LastUpgradeCheck = 0830;
				ORGANIZATIONNAME = "Troy Copeland";
				TargetAttributes = {
					5339C9B21F384569007D4322 = {
						CreatedOnToolsVersion = 8.3.3;
						DevelopmentTeam = 5FTURBFUC3;
						LastSwiftMigration = 0830;
						ProvisioningStyle = Automatic;
					};
				};
			};
			buildConfigurationList = 5339C9AE1F384569007D4322 /* Build configuration list for PBXProject "pokedex3" */;
			compatibilityVersion = "Xcode 3.2";
			developmentRegion = English;
			hasScannedForEncodings = 0;
			knownRegions = (
				en,
				Base,
			);
			mainGroup = 5339C9AA1F384569007D4322;
			productRefGroup = 5339C9B41F384569007D4322 /* Products */;
			projectDirPath = "";
			projectRoot = "";
			targets = (
				5339C9B21F384569007D4322 /* pokedex3 */,
			);
		};
/* End PBXProject section */

/* Begin PBXResourcesBuildPhase section */
		5339C9B11F384569007D4322 /* Resources */ = {
			isa = PBXResourcesBuildPhase;
			buildActionMask = 2147483647;
			files = (
				534875941F433575004D263C /* music.mp3 in Resources */,
				53B48B5E1F3CDA7900E575C9 /* pokemon.ttf in Resources */,
				534875921F433568004D263C /* music.png in Resources */,
				5339C9C11F384569007D4322 /* LaunchScreen.storyboard in Resources */,
				53B48B5F1F3CDA7900E575C9 /* Pokemon Hollow.ttf in Resources */,
				5339C9BE1F384569007D4322 /* Assets.xcassets in Resources */,
				5339C9C91F384942007D4322 /* pokemon.csv in Resources */,
				5339C9BC1F384569007D4322 /* Main.storyboard in Resources */,
			);
			runOnlyForDeploymentPostprocessing = 0;
		};
/* End PBXResourcesBuildPhase section */

/* Begin PBXShellScriptBuildPhase section */
		5A7E1A9AA870A8018DAE467C /* [CP] Check Pods Manifest.lock */ = {
			isa = PBXShellScriptBuildPhase;
			buildActionMask = 2147483647;
			files = (
			);
			inputPaths = (
			);
			name = "[CP] Check Pods Manifest.lock";
			outputPaths = (
			);
			runOnlyForDeploymentPostprocessing = 0;
			shellPath = /bin/sh;
			shellScript = "diff \"${PODS_PODFILE_DIR_PATH}/Podfile.lock\" \"${PODS_ROOT}/Manifest.lock\" > /dev/null\nif [ $? != 0 ] ; then\n    # print error to STDERR\n    echo \"error: The sandbox is not in sync with the Podfile.lock. Run 'pod install' or update your CocoaPods installation.\" >&2\n    exit 1\nfi\n";
			showEnvVarsInLog = 0;
		};
		8B64F6617E5A8F3BAB20284A /* [CP] Embed Pods Frameworks */ = {
			isa = PBXShellScriptBuildPhase;
			buildActionMask = 2147483647;
			files = (
			);
			inputPaths = (
			);
			name = "[CP] Embed Pods Frameworks";
			outputPaths = (
			);
			runOnlyForDeploymentPostprocessing = 0;
			shellPath = /bin/sh;
			shellScript = "\"${SRCROOT}/Pods/Target Support Files/Pods-pokedex3/Pods-pokedex3-frameworks.sh\"\n";
			showEnvVarsInLog = 0;
		};
		B558AF7BD48C8225A5D30A5B /* [CP] Copy Pods Resources */ = {
			isa = PBXShellScriptBuildPhase;
			buildActionMask = 2147483647;
			files = (
			);
			inputPaths = (
			);
			name = "[CP] Copy Pods Resources";
			outputPaths = (
			);
			runOnlyForDeploymentPostprocessing = 0;
			shellPath = /bin/sh;
			shellScript = "\"${SRCROOT}/Pods/Target Support Files/Pods-pokedex3/Pods-pokedex3-resources.sh\"\n";
			showEnvVarsInLog = 0;
		};
/* End PBXShellScriptBuildPhase section */

/* Begin PBXSourcesBuildPhase section */
		5339C9AF1F384569007D4322 /* Sources */ = {
			isa = PBXSourcesBuildPhase;
			buildActionMask = 2147483647;
			files = (
				53B48B581F39EDF300E575C9 /* PokeCell.swift in Sources */,
				5339C9B91F384569007D4322 /* ViewController.swift in Sources */,
				5339C9B71F384569007D4322 /* AppDelegate.swift in Sources */,
				534875961F43416E004D263C /* PokemonDetailVC.swift in Sources */,
				534875981F45F7EE004D263C /* Constants.swift in Sources */,
				5339C9CE1F38A7D2007D4322 /* Pokemon.swift in Sources */,
				53B48B5B1F3CCE3400E575C9 /* csv.swift in Sources */,
			);
			runOnlyForDeploymentPostprocessing = 0;
		};
/* End PBXSourcesBuildPhase section */

/* Begin PBXVariantGroup section */
		5339C9BA1F384569007D4322 /* Main.storyboard */ = {
			isa = PBXVariantGroup;
			children = (
				5339C9BB1F384569007D4322 /* Base */,
			);
			name = Main.storyboard;
			sourceTree = "<group>";
		};
		5339C9BF1F384569007D4322 /* LaunchScreen.storyboard */ = {
			isa = PBXVariantGroup;
			children = (
				5339C9C01F384569007D4322 /* Base */,
			);
			name = LaunchScreen.storyboard;
			sourceTree = "<group>";
		};
/* End PBXVariantGroup section */

/* Begin XCBuildConfiguration section */
		5339C9C31F384569007D4322 /* Debug */ = {
			isa = XCBuildConfiguration;
			buildSettings = {
				ALWAYS_SEARCH_USER_PATHS = NO;
				CLANG_ANALYZER_NONNULL = YES;
				CLANG_ANALYZER_NUMBER_OBJECT_CONVERSION = YES_AGGRESSIVE;
				CLANG_CXX_LANGUAGE_STANDARD = "gnu++0x";
				CLANG_CXX_LIBRARY = "libc++";
				CLANG_ENABLE_MODULES = YES;
				CLANG_ENABLE_OBJC_ARC = YES;
				CLANG_WARN_BOOL_CONVERSION = YES;
				CLANG_WARN_CONSTANT_CONVERSION = YES;
				CLANG_WARN_DIRECT_OBJC_ISA_USAGE = YES_ERROR;
				CLANG_WARN_DOCUMENTATION_COMMENTS = YES;
				CLANG_WARN_EMPTY_BODY = YES;
				CLANG_WARN_ENUM_CONVERSION = YES;
				CLANG_WARN_INFINITE_RECURSION = YES;
				CLANG_WARN_INT_CONVERSION = YES;
				CLANG_WARN_OBJC_ROOT_CLASS = YES_ERROR;
				CLANG_WARN_SUSPICIOUS_MOVE = YES;
				CLANG_WARN_UNREACHABLE_CODE = YES;
				CLANG_WARN__DUPLICATE_METHOD_MATCH = YES;
				"CODE_SIGN_IDENTITY[sdk=iphoneos*]" = "iPhone Developer";
				COPY_PHASE_STRIP = NO;
				DEBUG_INFORMATION_FORMAT = dwarf;
				ENABLE_STRICT_OBJC_MSGSEND = YES;
				ENABLE_TESTABILITY = YES;
				GCC_C_LANGUAGE_STANDARD = gnu99;
				GCC_DYNAMIC_NO_PIC = NO;
				GCC_NO_COMMON_BLOCKS = YES;
				GCC_OPTIMIZATION_LEVEL = 0;
				GCC_PREPROCESSOR_DEFINITIONS = (
					"DEBUG=1",
					"$(inherited)",
				);
				GCC_WARN_64_TO_32_BIT_CONVERSION = YES;
				GCC_WARN_ABOUT_RETURN_TYPE = YES_ERROR;
				GCC_WARN_UNDECLARED_SELECTOR = YES;
				GCC_WARN_UNINITIALIZED_AUTOS = YES_AGGRESSIVE;
				GCC_WARN_UNUSED_FUNCTION = YES;
				GCC_WARN_UNUSED_VARIABLE = YES;
				IPHONEOS_DEPLOYMENT_TARGET = 10.3;
				MTL_ENABLE_DEBUG_INFO = YES;
				ONLY_ACTIVE_ARCH = YES;
				SDKROOT = iphoneos;
				SWIFT_ACTIVE_COMPILATION_CONDITIONS = DEBUG;
				SWIFT_OPTIMIZATION_LEVEL = "-Onone";
				TARGETED_DEVICE_FAMILY = "1,2";
			};
			name = Debug;
		};
		5339C9C41F384569007D4322 /* Release */ = {
			isa = XCBuildConfiguration;
			buildSettings = {
				ALWAYS_SEARCH_USER_PATHS = NO;
				CLANG_ANALYZER_NONNULL = YES;
				CLANG_ANALYZER_NUMBER_OBJECT_CONVERSION = YES_AGGRESSIVE;
				CLANG_CXX_LANGUAGE_STANDARD = "gnu++0x";
				CLANG_CXX_LIBRARY = "libc++";
				CLANG_ENABLE_MODULES = YES;
				CLANG_ENABLE_OBJC_ARC = YES;
				CLANG_WARN_BOOL_CONVERSION = YES;
				CLANG_WARN_CONSTANT_CONVERSION = YES;
				CLANG_WARN_DIRECT_OBJC_ISA_USAGE = YES_ERROR;
				CLANG_WARN_DOCUMENTATION_COMMENTS = YES;
				CLANG_WARN_EMPTY_BODY = YES;
				CLANG_WARN_ENUM_CONVERSION = YES;
				CLANG_WARN_INFINITE_RECURSION = YES;
				CLANG_WARN_INT_CONVERSION = YES;
				CLANG_WARN_OBJC_ROOT_CLASS = YES_ERROR;
				CLANG_WARN_SUSPICIOUS_MOVE = YES;
				CLANG_WARN_UNREACHABLE_CODE = YES;
				CLANG_WARN__DUPLICATE_METHOD_MATCH = YES;
				"CODE_SIGN_IDENTITY[sdk=iphoneos*]" = "iPhone Developer";
				COPY_PHASE_STRIP = NO;
				DEBUG_INFORMATION_FORMAT = "dwarf-with-dsym";
				ENABLE_NS_ASSERTIONS = NO;
				ENABLE_STRICT_OBJC_MSGSEND = YES;
				GCC_C_LANGUAGE_STANDARD = gnu99;
				GCC_NO_COMMON_BLOCKS = YES;
				GCC_WARN_64_TO_32_BIT_CONVERSION = YES;
				GCC_WARN_ABOUT_RETURN_TYPE = YES_ERROR;
				GCC_WARN_UNDECLARED_SELECTOR = YES;
				GCC_WARN_UNINITIALIZED_AUTOS = YES_AGGRESSIVE;
				GCC_WARN_UNUSED_FUNCTION = YES;
				GCC_WARN_UNUSED_VARIABLE = YES;
				IPHONEOS_DEPLOYMENT_TARGET = 10.3;
				MTL_ENABLE_DEBUG_INFO = NO;
				SDKROOT = iphoneos;
				SWIFT_OPTIMIZATION_LEVEL = "-Owholemodule";
				TARGETED_DEVICE_FAMILY = "1,2";
				VALIDATE_PRODUCT = YES;
			};
			name = Release;
		};
		5339C9C61F384569007D4322 /* Debug */ = {
			isa = XCBuildConfiguration;
			baseConfigurationReference = 02664F57F8AA3869EF03CD8B /* Pods-pokedex3.debug.xcconfig */;
			buildSettings = {
				ASSETCATALOG_COMPILER_APPICON_NAME = AppIcon;
				DEVELOPMENT_TEAM = 5FTURBFUC3;
				INFOPLIST_FILE = pokedex3/Info.plist;
				LD_RUNPATH_SEARCH_PATHS = "$(inherited) @executable_path/Frameworks";
				PRODUCT_BUNDLE_IDENTIFIER = com.TC.pokedex3;
				PRODUCT_NAME = "$(TARGET_NAME)";
				SWIFT_VERSION = 3.0;
			};
			name = Debug;
		};
		5339C9C71F384569007D4322 /* Release */ = {
			isa = XCBuildConfiguration;
			baseConfigurationReference = 1ED1A6698D7210E2E632A53D /* Pods-pokedex3.release.xcconfig */;
			buildSettings = {
				ASSETCATALOG_COMPILER_APPICON_NAME = AppIcon;
				DEVELOPMENT_TEAM = 5FTURBFUC3;
				INFOPLIST_FILE = pokedex3/Info.plist;
				LD_RUNPATH_SEARCH_PATHS = "$(inherited) @executable_path/Frameworks";
				PRODUCT_BUNDLE_IDENTIFIER = com.TC.pokedex3;
				PRODUCT_NAME = "$(TARGET_NAME)";
				SWIFT_VERSION = 3.0;
			};
			name = Release;
		};
/* End XCBuildConfiguration section */

/* Begin XCConfigurationList section */
		5339C9AE1F384569007D4322 /* Build configuration list for PBXProject "pokedex3" */ = {
			isa = XCConfigurationList;
			buildConfigurations = (
				5339C9C31F384569007D4322 /* Debug */,
				5339C9C41F384569007D4322 /* Release */,
			);
			defaultConfigurationIsVisible = 0;
			defaultConfigurationName = Release;
		};
		5339C9C51F384569007D4322 /* Build configuration list for PBXNativeTarget "pokedex3" */ = {
			isa = XCConfigurationList;
			buildConfigurations = (
				5339C9C61F384569007D4322 /* Debug */,
				5339C9C71F384569007D4322 /* Release */,
			);
			defaultConfigurationIsVisible = 0;
			defaultConfigurationName = Release;
		};
/* End XCConfigurationList section */
	};
	rootObject = 5339C9AB1F384569007D4322 /* Project object */;
}
